
Microsoft Visual Studio Solution File, Format Version 12.00
# Visual Studio Version 16
VisualStudioVersion = 16.0.30611.23
MinimumVisualStudioVersion = 10.0.40219.1
Project("{FAE04EC0-301F-11D3-BF4B-00C04F79EFBC}") = "EliteKeysConsole", "EliteKeysConsole\EliteKeysConsole.csproj", "{D01EB605-988E-4559-86B8-5C54BF810682}"
EndProject
Project("{FAE04EC0-301F-11D3-BF4B-00C04F79EFBC}") = "EliteKeysWPF", "EliteKeysWPF\EliteKeysWPF.csproj", "{A0B0BD48-F877-4840-98E5-153999D6A465}"
EndProject
Project("{FAE04EC0-301F-11D3-BF4B-00C04F79EFBC}") = "EliteKeysUWP", "EliteKeysUWP\EliteKeysUWP.csproj", "{ACC7996A-C321-4C98-831B-B40848B16DE4}"
EndProject
Project("{C7167F0D-BC9F-4E6E-AFE1-012C56B48DB5}") = "EliteKeysWinUI (Package)", "EliteKeysWinUI\EliteKeysWinUI (Package)\EliteKeysWinUI (Package).wapproj", "{3B4F3432-05AA-4901-A587-3C3490A3EAF7}"
EndProject
Project("{FAE04EC0-301F-11D3-BF4B-00C04F79EFBC}") = "EliteKeysWinUI", "EliteKeysWinUI\EliteKeysWinUI\EliteKeysWinUI.csproj", "{5CE9EE89-58FB-47E6-AC1F-F7B6CADCE09F}"
EndProject
Global
	GlobalSection(SolutionConfigurationPlatforms) = preSolution
		Debug|Any CPU = Debug|Any CPU
		Debug|ARM = Debug|ARM
		Debug|ARM64 = Debug|ARM64
		Debug|x64 = Debug|x64
		Debug|x86 = Debug|x86
		Release|Any CPU = Release|Any CPU
		Release|ARM = Release|ARM
		Release|ARM64 = Release|ARM64
		Release|x64 = Release|x64
		Release|x86 = Release|x86
	EndGlobalSection
	GlobalSection(ProjectConfigurationPlatforms) = postSolution
		{D01EB605-988E-4559-86B8-5C54BF810682}.Debug|Any CPU.ActiveCfg = Debug|Any CPU
		{D01EB605-988E-4559-86B8-5C54BF810682}.Debug|Any CPU.Build.0 = Debug|Any CPU
		{D01EB605-988E-4559-86B8-5C54BF810682}.Debug|ARM.ActiveCfg = Debug|Any CPU
		{D01EB605-988E-4559-86B8-5C54BF810682}.Debug|ARM.Build.0 = Debug|Any CPU
		{D01EB605-988E-4559-86B8-5C54BF810682}.Debug|ARM64.ActiveCfg = Debug|Any CPU
		{D01EB605-988E-4559-86B8-5C54BF810682}.Debug|ARM64.Build.0 = Debug|Any CPU
		{D01EB605-988E-4559-86B8-5C54BF810682}.Debug|x64.ActiveCfg = Debug|Any CPU
		{D01EB605-988E-4559-86B8-5C54BF810682}.Debug|x64.Build.0 = Debug|Any CPU
		{D01EB605-988E-4559-86B8-5C54BF810682}.Debug|x86.ActiveCfg = Debug|Any CPU
		{D01EB605-988E-4559-86B8-5C54BF810682}.Debug|x86.Build.0 = Debug|Any CPU
		{D01EB605-988E-4559-86B8-5C54BF810682}.Release|Any CPU.ActiveCfg = Release|Any CPU
		{D01EB605-988E-4559-86B8-5C54BF810682}.Release|Any CPU.Build.0 = Release|Any CPU
		{D01EB605-988E-4559-86B8-5C54BF810682}.Release|ARM.ActiveCfg = Release|Any CPU
		{D01EB605-988E-4559-86B8-5C54BF810682}.Release|ARM.Build.0 = Release|Any CPU
		{D01EB605-988E-4559-86B8-5C54BF810682}.Release|ARM64.ActiveCfg = Release|Any CPU
		{D01EB605-988E-4559-86B8-5C54BF810682}.Release|ARM64.Build.0 = Release|Any CPU
		{D01EB605-988E-4559-86B8-5C54BF810682}.Release|x64.ActiveCfg = Release|Any CPU
		{D01EB605-988E-4559-86B8-5C54BF810682}.Release|x64.Build.0 = Release|Any CPU
		{D01EB605-988E-4559-86B8-5C54BF810682}.Release|x86.ActiveCfg = Release|Any CPU
		{D01EB605-988E-4559-86B8-5C54BF810682}.Release|x86.Build.0 = Release|Any CPU
		{A0B0BD48-F877-4840-98E5-153999D6A465}.Debug|Any CPU.ActiveCfg = Debug|Any CPU
		{A0B0BD48-F877-4840-98E5-153999D6A465}.Debug|Any CPU.Build.0 = Debug|Any CPU
		{A0B0BD48-F877-4840-98E5-153999D6A465}.Debug|ARM.ActiveCfg = Debug|Any CPU
		{A0B0BD48-F877-4840-98E5-153999D6A465}.Debug|ARM.Build.0 = Debug|Any CPU
		{A0B0BD48-F877-4840-98E5-153999D6A465}.Debug|ARM64.ActiveCfg = Debug|Any CPU
		{A0B0BD48-F877-4840-98E5-153999D6A465}.Debug|ARM64.Build.0 = Debug|Any CPU
		{A0B0BD48-F877-4840-98E5-153999D6A465}.Debug|x64.ActiveCfg = Debug|Any CPU
		{A0B0BD48-F877-4840-98E5-153999D6A465}.Debug|x64.Build.0 = Debug|Any CPU
		{A0B0BD48-F877-4840-98E5-153999D6A465}.Debug|x86.ActiveCfg = Debug|Any CPU
		{A0B0BD48-F877-4840-98E5-153999D6A465}.Debug|x86.Build.0 = Debug|Any CPU
		{A0B0BD48-F877-4840-98E5-153999D6A465}.Release|Any CPU.ActiveCfg = Release|Any CPU
		{A0B0BD48-F877-4840-98E5-153999D6A465}.Release|Any CPU.Build.0 = Release|Any CPU
		{A0B0BD48-F877-4840-98E5-153999D6A465}.Release|ARM.ActiveCfg = Release|Any CPU
		{A0B0BD48-F877-4840-98E5-153999D6A465}.Release|ARM.Build.0 = Release|Any CPU
		{A0B0BD48-F877-4840-98E5-153999D6A465}.Release|ARM64.ActiveCfg = Release|Any CPU
		{A0B0BD48-F877-4840-98E5-153999D6A465}.Release|ARM64.Build.0 = Release|Any CPU
		{A0B0BD48-F877-4840-98E5-153999D6A465}.Release|x64.ActiveCfg = Release|Any CPU
		{A0B0BD48-F877-4840-98E5-153999D6A465}.Release|x64.Build.0 = Release|Any CPU
		{A0B0BD48-F877-4840-98E5-153999D6A465}.Release|x86.ActiveCfg = Release|Any CPU
		{A0B0BD48-F877-4840-98E5-153999D6A465}.Release|x86.Build.0 = Release|Any CPU
		{ACC7996A-C321-4C98-831B-B40848B16DE4}.Debug|Any CPU.ActiveCfg = Debug|x86
		{ACC7996A-C321-4C98-831B-B40848B16DE4}.Debug|ARM.ActiveCfg = Debug|ARM
		{ACC7996A-C321-4C98-831B-B40848B16DE4}.Debug|ARM.Build.0 = Debug|ARM
		{ACC7996A-C321-4C98-831B-B40848B16DE4}.Debug|ARM.Deploy.0 = Debug|ARM
		{ACC7996A-C321-4C98-831B-B40848B16DE4}.Debug|ARM64.ActiveCfg = Debug|ARM64
		{ACC7996A-C321-4C98-831B-B40848B16DE4}.Debug|ARM64.Build.0 = Debug|ARM64
		{ACC7996A-C321-4C98-831B-B40848B16DE4}.Debug|ARM64.Deploy.0 = Debug|ARM64
		{ACC7996A-C321-4C98-831B-B40848B16DE4}.Debug|x64.ActiveCfg = Debug|x64
		{ACC7996A-C321-4C98-831B-B40848B16DE4}.Debug|x64.Build.0 = Debug|x64
		{ACC7996A-C321-4C98-831B-B40848B16DE4}.Debug|x64.Deploy.0 = Debug|x64
		{ACC7996A-C321-4C98-831B-B40848B16DE4}.Debug|x86.ActiveCfg = Debug|x86
		{ACC7996A-C321-4C98-831B-B40848B16DE4}.Debug|x86.Build.0 = Debug|x86
		{ACC7996A-C321-4C98-831B-B40848B16DE4}.Debug|x86.Deploy.0 = Debug|x86
		{ACC7996A-C321-4C98-831B-B40848B16DE4}.Release|Any CPU.ActiveCfg = Release|x86
		{ACC7996A-C321-4C98-831B-B40848B16DE4}.Release|ARM.ActiveCfg = Release|ARM
		{ACC7996A-C321-4C98-831B-B40848B16DE4}.Release|ARM.Build.0 = Release|ARM
		{ACC7996A-C321-4C98-831B-B40848B16DE4}.Release|ARM.Deploy.0 = Release|ARM
		{ACC7996A-C321-4C98-831B-B40848B16DE4}.Release|ARM64.ActiveCfg = Release|ARM64
		{ACC7996A-C321-4C98-831B-B40848B16DE4}.Release|ARM64.Build.0 = Release|ARM64
		{ACC7996A-C321-4C98-831B-B40848B16DE4}.Release|ARM64.Deploy.0 = Release|ARM64
		{ACC7996A-C321-4C98-831B-B40848B16DE4}.Release|x64.ActiveCfg = Release|x64
		{ACC7996A-C321-4C98-831B-B40848B16DE4}.Release|x64.Build.0 = Release|x64
		{ACC7996A-C321-4C98-831B-B40848B16DE4}.Release|x64.Deploy.0 = Release|x64
		{ACC7996A-C321-4C98-831B-B40848B16DE4}.Release|x86.ActiveCfg = Release|x86
		{ACC7996A-C321-4C98-831B-B40848B16DE4}.Release|x86.Build.0 = Release|x86
		{ACC7996A-C321-4C98-831B-B40848B16DE4}.Release|x86.Deploy.0 = Release|x86
		{3B4F3432-05AA-4901-A587-3C3490A3EAF7}.Debug|Any CPU.ActiveCfg = Debug|x86
		{3B4F3432-05AA-4901-A587-3C3490A3EAF7}.Debug|ARM.ActiveCfg = Debug|x86
		{3B4F3432-05AA-4901-A587-3C3490A3EAF7}.Debug|ARM64.ActiveCfg = Debug|x86
		{3B4F3432-05AA-4901-A587-3C3490A3EAF7}.Debug|x64.ActiveCfg = Debug|x64
		{3B4F3432-05AA-4901-A587-3C3490A3EAF7}.Debug|x64.Build.0 = Debug|x64
		{3B4F3432-05AA-4901-A587-3C3490A3EAF7}.Debug|x64.Deploy.0 = Debug|x64
		{3B4F3432-05AA-4901-A587-3C3490A3EAF7}.Debug|x86.ActiveCfg = Debug|x86
		{3B4F3432-05AA-4901-A587-3C3490A3EAF7}.Debug|x86.Build.0 = Debug|x86
		{3B4F3432-05AA-4901-A587-3C3490A3EAF7}.Debug|x86.Deploy.0 = Debug|x86
		{3B4F3432-05AA-4901-A587-3C3490A3EAF7}.Release|Any CPU.ActiveCfg = Release|x86
		{3B4F3432-05AA-4901-A587-3C3490A3EAF7}.Release|ARM.ActiveCfg = Release|x86
		{3B4F3432-05AA-4901-A587-3C3490A3EAF7}.Release|ARM64.ActiveCfg = Release|x86
		{3B4F3432-05AA-4901-A587-3C3490A3EAF7}.Release|x64.ActiveCfg = Release|x64
		{3B4F3432-05AA-4901-A587-3C3490A3EAF7}.Release|x64.Build.0 = Release|x64
		{3B4F3432-05AA-4901-A587-3C3490A3EAF7}.Release|x64.Deploy.0 = Release|x64
		{3B4F3432-05AA-4901-A587-3C3490A3EAF7}.Release|x86.ActiveCfg = Release|x86
		{3B4F3432-05AA-4901-A587-3C3490A3EAF7}.Release|x86.Build.0 = Release|x86
		{3B4F3432-05AA-4901-A587-3C3490A3EAF7}.Release|x86.Deploy.0 = Release|x86
		{5CE9EE89-58FB-47E6-AC1F-F7B6CADCE09F}.Debug|Any CPU.ActiveCfg = Debug|Any CPU
		{5CE9EE89-58FB-47E6-AC1F-F7B6CADCE09F}.Debug|Any CPU.Build.0 = Debug|Any CPU
		{5CE9EE89-58FB-47E6-AC1F-F7B6CADCE09F}.Debug|ARM.ActiveCfg = Debug|Any CPU
		{5CE9EE89-58FB-47E6-AC1F-F7B6CADCE09F}.Debug|ARM.Build.0 = Debug|Any CPU
		{5CE9EE89-58FB-47E6-AC1F-F7B6CADCE09F}.Debug|ARM64.ActiveCfg = Debug|Any CPU
		{5CE9EE89-58FB-47E6-AC1F-F7B6CADCE09F}.Debug|ARM64.Build.0 = Debug|Any CPU
		{5CE9EE89-58FB-47E6-AC1F-F7B6CADCE09F}.Debug|x64.ActiveCfg = Debug|x64
		{5CE9EE89-58FB-47E6-AC1F-F7B6CADCE09F}.Debug|x64.Build.0 = Debug|x64
		{5CE9EE89-58FB-47E6-AC1F-F7B6CADCE09F}.Debug|x86.ActiveCfg = Debug|x86
		{5CE9EE89-58FB-47E6-AC1F-F7B6CADCE09F}.Debug|x86.Build.0 = Debug|x86
		{5CE9EE89-58FB-47E6-AC1F-F7B6CADCE09F}.Release|Any CPU.ActiveCfg = Release|Any CPU
		{5CE9EE89-58FB-47E6-AC1F-F7B6CADCE09F}.Release|Any CPU.Build.0 = Release|Any CPU
		{5CE9EE89-58FB-47E6-AC1F-F7B6CADCE09F}.Release|ARM.ActiveCfg = Release|Any CPU
		{5CE9EE89-58FB-47E6-AC1F-F7B6CADCE09F}.Release|ARM.Build.0 = Release|Any CPU
		{5CE9EE89-58FB-47E6-AC1F-F7B6CADCE09F}.Release|ARM64.ActiveCfg = Release|Any CPU
		{5CE9EE89-58FB-47E6-AC1F-F7B6CADCE09F}.Release|ARM64.Build.0 = Release|Any CPU
		{5CE9EE89-58FB-47E6-AC1F-F7B6CADCE09F}.Release|x64.ActiveCfg = Release|x64
		{5CE9EE89-58FB-47E6-AC1F-F7B6CADCE09F}.Release|x64.Build.0 = Release|x64
		{5CE9EE89-58FB-47E6-AC1F-F7B6CADCE09F}.Release|x86.ActiveCfg = Release|x86
		{5CE9EE89-58FB-47E6-AC1F-F7B6CADCE09F}.Release|x86.Build.0 = Release|x86
	EndGlobalSection
	GlobalSection(SolutionProperties) = preSolution
		HideSolutionNode = FALSE
	EndGlobalSection
	GlobalSection(ExtensibilityGlobals) = postSolution
		SolutionGuid = {6AF9A145-FD76-471B-AD67-0DA6007F329F}
	EndGlobalSection
EndGlobal
